
Microsoft Visual Studio Solution File, Format Version 12.00
# Visual Studio 15
VisualStudioVersion = 15.0.28010.2026
MinimumVisualStudioVersion = 10.0.40219.1
Project("{FAE04EC0-301F-11D3-BF4B-00C04F79EFBC}") = "MediaIntegrator", "MediaIntegrator\MediaIntegrator.csproj", "{80E15BBF-7812-4077-A17D-DA0A59F84888}"
EndProject
Project("{FAE04EC0-301F-11D3-BF4B-00C04F79EFBC}") = "VirtualStore", "..\..\virtualstore\VirtualStore\VirtualStore.csproj", "{D8AD1F85-215A-4612-A72A-0007D3103CDC}"
EndProject
Global
	GlobalSection(SolutionConfigurationPlatforms) = preSolution
		Debug|Any CPU = Debug|Any CPU
		Release|Any CPU = Release|Any CPU
	EndGlobalSection
	GlobalSection(ProjectConfigurationPlatforms) = postSolution
		{80E15BBF-7812-4077-A17D-DA0A59F84888}.Debug|Any CPU.ActiveCfg = Debug|Any CPU
		{80E15BBF-7812-4077-A17D-DA0A59F84888}.Debug|Any CPU.Build.0 = Debug|Any CPU
		{80E15BBF-7812-4077-A17D-DA0A59F84888}.Release|Any CPU.ActiveCfg = Release|Any CPU
		{80E15BBF-7812-4077-A17D-DA0A59F84888}.Release|Any CPU.Build.0 = Release|Any CPU
		{D8AD1F85-215A-4612-A72A-0007D3103CDC}.Debug|Any CPU.ActiveCfg = Debug|Any CPU
		{D8AD1F85-215A-4612-A72A-0007D3103CDC}.Debug|Any CPU.Build.0 = Debug|Any CPU
		{D8AD1F85-215A-4612-A72A-0007D3103CDC}.Release|Any CPU.ActiveCfg = Release|Any CPU
		{D8AD1F85-215A-4612-A72A-0007D3103CDC}.Release|Any CPU.Build.0 = Release|Any CPU
	EndGlobalSection
	GlobalSection(SolutionProperties) = preSolution
		HideSolutionNode = FALSE
	EndGlobalSection
	GlobalSection(ExtensibilityGlobals) = postSolution
		SolutionGuid = {44236FFA-D3E7-4CF2-9AEE-54EDC2D6DF2D}
	EndGlobalSection
EndGlobal
